
Microsoft Visual Studio Solution File, Format Version 12.00
# Visual Studio Version 17
VisualStudioVersion = 17.7.34031.279
MinimumVisualStudioVersion = 10.0.40219.1
Project("{FAE04EC0-301F-11D3-BF4B-00C04F79EFBC}") = "TP1WS", "TP1WS.csproj", "{476EB525-A200-4D2E-B389-8DCA101E3324}"
EndProject
Project("{FAE04EC0-301F-11D3-BF4B-00C04F79EFBC}") = "CalendarCaller", "..\CalendarCaller\CalendarCaller.csproj", "{9C577357-BAD9-4E67-A667-224231751107}"
EndProject
Global
	GlobalSection(SolutionConfigurationPlatforms) = preSolution
		Debug|Any CPU = Debug|Any CPU
		Release|Any CPU = Release|Any CPU
	EndGlobalSection
	GlobalSection(ProjectConfigurationPlatforms) = postSolution
		{476EB525-A200-4D2E-B389-8DCA101E3324}.Debug|Any CPU.ActiveCfg = Debug|Any CPU
		{476EB525-A200-4D2E-B389-8DCA101E3324}.Debug|Any CPU.Build.0 = Debug|Any CPU
		{476EB525-A200-4D2E-B389-8DCA101E3324}.Release|Any CPU.ActiveCfg = Release|Any CPU
		{476EB525-A200-4D2E-B389-8DCA101E3324}.Release|Any CPU.Build.0 = Release|Any CPU
		{9C577357-BAD9-4E67-A667-224231751107}.Debug|Any CPU.ActiveCfg = Debug|Any CPU
		{9C577357-BAD9-4E67-A667-224231751107}.Debug|Any CPU.Build.0 = Debug|Any CPU
		{9C577357-BAD9-4E67-A667-224231751107}.Release|Any CPU.ActiveCfg = Release|Any CPU
		{9C577357-BAD9-4E67-A667-224231751107}.Release|Any CPU.Build.0 = Release|Any CPU
	EndGlobalSection
	GlobalSection(SolutionProperties) = preSolution
		HideSolutionNode = FALSE
	EndGlobalSection
	GlobalSection(ExtensibilityGlobals) = postSolution
		SolutionGuid = {8F767820-D9C4-4163-858C-85AABBDF3955}
	EndGlobalSection
EndGlobal
